# This file was autogenerated by Stack.
# You should not edit this file by hand.
# For more information, please see the documentation at:
#   https://docs.haskellstack.org/en/stable/lock_files

packages:
- completed:
    hackage: dhall-1.32.0@sha256:eb4e4029557b7aff4a2c5d89a6c158fa4c19a0c9850f691100120c0458981849,34078
    pantry-tree:
      size: 284132
      sha256: 0790a040bb2ab86355bff7651ec10b6f8750cbdb444d522f4a5384230d5710e8
  original:
    hackage: dhall-1.32.0
- completed:
    hackage: endo-0.3.0.1@sha256:7299a456be44c72431f9193f56bb9fb21e3f76746bd7affa433f2f0bede89eb7,5289
    pantry-tree:
      size: 1344
      sha256: bb5caf99cf9887b9a9aeb8ebb13e11254f2d32025e1e6d5260a74037a56b514e
  original:
    hackage: endo-0.3.0.1
- completed:
    hackage: verbosity-0.3.0.0@sha256:937c318d73f527a88610c7c036c888578731adac8a1891e65d955db4dd976b7c,5043
    pantry-tree:
      size: 795
      sha256: add03785cbb76e808de561b68539f2c303790eeb5884a713efa37d3b8a356e5d
  original:
    hackage: verbosity-0.3.0.0
- completed:
    name: host-and-port
    version: 0.0.1.0
    git: https://github.com/trskop/host-and-port.git
    pantry-tree:
      size: 710
      sha256: c4fc639865c79e598a307978b54558fb6c782a2c2c3439ced61de66da514deb9
    commit: f4639d63f5c2e4c4faef94f5214111625af2a85d
  original:
    git: https://github.com/trskop/host-and-port.git
    commit: f4639d63f5c2e4c4faef94f5214111625af2a85d
- completed:
    name: mainplate
    version: 0.0.1.0
    git: https://github.com/trskop/mainplate.git
    pantry-tree:
      size: 1572
      sha256: 98eda1b5d8801ebd34f2a132b314aa38437f135e928e60a45c1d8349f45dc6bb
    commit: 118acdb919e7bd7aaa07e7554a2d1eabde86acf5
  original:
    git: https://github.com/trskop/mainplate.git
    commit: 118acdb919e7bd7aaa07e7554a2d1eabde86acf5
snapshots:
- completed:
    size: 496112
    url: https://raw.githubusercontent.com/commercialhaskell/stackage-snapshots/master/lts/15/13.yaml
    sha256: 75a1a0f870e1876898b117b0e443f911b3fa2985bfabb53158c81ab5765beda5
  original: lts-15.13
